# THIS IS AN AUTOGENERATED FILE. DO NOT EDIT THIS FILE DIRECTLY.
# yarn lockfile v1


coc-snippets@^3.4.0:
  version "3.4.0"
  resolved "https://registry.yarnpkg.com/coc-snippets/-/coc-snippets-3.4.0.tgz#080d194d749bc2598fc4045b0d208a86d7c0d099"
  integrity sha512-p7nxP/ii+iRADnvFEuHz4iDhuspg3W08hj4J0IFz/OYrzJwEON3c+5i0DJEXyr8qrt0c2Vd+3rekRE8J2AhwGQ==
